{
  "name": "@wardes/prettier-config",
  "version": "1.0.5",
  "lockfileVersion": 3,
  "requires": true,
  "packages": {
    "": {
      "name": "@wardes/prettier-config",
      "version": "1.0.5",
      "license": "MIT",
      "peerDependencies": {
        "prettier": ">=3.1.1"
      }
    },
    "node_modules/.pnpm/prettier@3.1.1/node_modules/prettier": {
      "version": "3.1.1",
      "license": "MIT",
      "peer": true,
      "bin": {
        "prettier": "bin/prettier.cjs"
      },
      "engines": {
        "node": ">=14"
      },
      "funding": {
        "url": "https://github.com/prettier/prettier?sponsor=1"
      }
    },
    "node_modules/prettier": {
      "resolved": "node_modules/.pnpm/prettier@3.1.1/node_modules/prettier",
      "link": true
    }
  }
}
